
Microsoft Visual Studio Solution File, Format Version 12.00
# Visual Studio Version 17
VisualStudioVersion = 17.3.32825.248
MinimumVisualStudioVersion = 10.0.40219.1
Project("{FAE04EC0-301F-11D3-BF4B-00C04F79EFBC}") = "ExplicitInterface", "ExplicitInterface\ExplicitInterface.csproj", "{48D38BF7-8949-4443-A317-9E81E3F626AF}"
EndProject
Global
	GlobalSection(SolutionConfigurationPlatforms) = preSolution
		Debug|Any CPU = Debug|Any CPU
		Release|Any CPU = Release|Any CPU
	EndGlobalSection
	GlobalSection(ProjectConfigurationPlatforms) = postSolution
		{48D38BF7-8949-4443-A317-9E81E3F626AF}.Debug|Any CPU.ActiveCfg = Debug|Any CPU
		{48D38BF7-8949-4443-A317-9E81E3F626AF}.Debug|Any CPU.Build.0 = Debug|Any CPU
		{48D38BF7-8949-4443-A317-9E81E3F626AF}.Release|Any CPU.ActiveCfg = Release|Any CPU
		{48D38BF7-8949-4443-A317-9E81E3F626AF}.Release|Any CPU.Build.0 = Release|Any CPU
	EndGlobalSection
	GlobalSection(SolutionProperties) = preSolution
		HideSolutionNode = FALSE
	EndGlobalSection
	GlobalSection(ExtensibilityGlobals) = postSolution
		SolutionGuid = {4BCEBD5C-29F9-4772-AD5B-A28AF2A07E55}
	EndGlobalSection
EndGlobal
