
Microsoft Visual Studio Solution File, Format Version 12.00
# Visual Studio Version 17
VisualStudioVersion = 17.3.32825.248
MinimumVisualStudioVersion = 10.0.40219.1
Project("{FAE04EC0-301F-11D3-BF4B-00C04F79EFBC}") = "FileManagement", "FileManagement\FileManagement.csproj", "{CD8193D9-11A7-4E4C-BDCF-D2AEC1F07E31}"
EndProject
Project("{2150E333-8FDC-42A3-9474-1A3956D46DE8}") = "Solution Items", "Solution Items", "{E26E2400-B752-47BB-8BD6-91E61F21115C}"
	ProjectSection(SolutionItems) = preProject
		.editorconfig = .editorconfig
	EndProjectSection
EndProject
Global
	GlobalSection(SolutionConfigurationPlatforms) = preSolution
		Debug|Any CPU = Debug|Any CPU
		Release|Any CPU = Release|Any CPU
	EndGlobalSection
	GlobalSection(ProjectConfigurationPlatforms) = postSolution
		{CD8193D9-11A7-4E4C-BDCF-D2AEC1F07E31}.Debug|Any CPU.ActiveCfg = Debug|Any CPU
		{CD8193D9-11A7-4E4C-BDCF-D2AEC1F07E31}.Debug|Any CPU.Build.0 = Debug|Any CPU
		{CD8193D9-11A7-4E4C-BDCF-D2AEC1F07E31}.Release|Any CPU.ActiveCfg = Release|Any CPU
		{CD8193D9-11A7-4E4C-BDCF-D2AEC1F07E31}.Release|Any CPU.Build.0 = Release|Any CPU
	EndGlobalSection
	GlobalSection(SolutionProperties) = preSolution
		HideSolutionNode = FALSE
	EndGlobalSection
	GlobalSection(ExtensibilityGlobals) = postSolution
		SolutionGuid = {A462BBEB-A0C3-44F3-AF54-61CF00367613}
	EndGlobalSection
EndGlobal
