
Microsoft Visual Studio Solution File, Format Version 12.00
# Visual Studio Version 17
VisualStudioVersion = 17.3.32825.248
MinimumVisualStudioVersion = 10.0.40219.1
Project("{FAE04EC0-301F-11D3-BF4B-00C04F79EFBC}") = "InterfacePolygon", "InterfacePolygon\InterfacePolygon.csproj", "{B7FD20B2-E58E-4130-9463-FD32EDF9A3C9}"
EndProject
Global
	GlobalSection(SolutionConfigurationPlatforms) = preSolution
		Debug|Any CPU = Debug|Any CPU
		Release|Any CPU = Release|Any CPU
	EndGlobalSection
	GlobalSection(ProjectConfigurationPlatforms) = postSolution
		{B7FD20B2-E58E-4130-9463-FD32EDF9A3C9}.Debug|Any CPU.ActiveCfg = Debug|Any CPU
		{B7FD20B2-E58E-4130-9463-FD32EDF9A3C9}.Debug|Any CPU.Build.0 = Debug|Any CPU
		{B7FD20B2-E58E-4130-9463-FD32EDF9A3C9}.Release|Any CPU.ActiveCfg = Release|Any CPU
		{B7FD20B2-E58E-4130-9463-FD32EDF9A3C9}.Release|Any CPU.Build.0 = Release|Any CPU
	EndGlobalSection
	GlobalSection(SolutionProperties) = preSolution
		HideSolutionNode = FALSE
	EndGlobalSection
	GlobalSection(ExtensibilityGlobals) = postSolution
		SolutionGuid = {15F5E216-5113-44EE-A693-96D3C8CE27F3}
	EndGlobalSection
EndGlobal
