
Microsoft Visual Studio Solution File, Format Version 12.00
# Visual Studio Version 17
VisualStudioVersion = 17.3.32825.248
MinimumVisualStudioVersion = 10.0.40219.1
Project("{FAE04EC0-301F-11D3-BF4B-00C04F79EFBC}") = "MethodOveriding", "MethodOveriding\MethodOveriding.csproj", "{633ADD58-D9E1-4F80-B81C-4C4E529B4BF6}"
EndProject
Global
	GlobalSection(SolutionConfigurationPlatforms) = preSolution
		Debug|Any CPU = Debug|Any CPU
		Release|Any CPU = Release|Any CPU
	EndGlobalSection
	GlobalSection(ProjectConfigurationPlatforms) = postSolution
		{633ADD58-D9E1-4F80-B81C-4C4E529B4BF6}.Debug|Any CPU.ActiveCfg = Debug|Any CPU
		{633ADD58-D9E1-4F80-B81C-4C4E529B4BF6}.Debug|Any CPU.Build.0 = Debug|Any CPU
		{633ADD58-D9E1-4F80-B81C-4C4E529B4BF6}.Release|Any CPU.ActiveCfg = Release|Any CPU
		{633ADD58-D9E1-4F80-B81C-4C4E529B4BF6}.Release|Any CPU.Build.0 = Release|Any CPU
	EndGlobalSection
	GlobalSection(SolutionProperties) = preSolution
		HideSolutionNode = FALSE
	EndGlobalSection
	GlobalSection(ExtensibilityGlobals) = postSolution
		SolutionGuid = {ADD66C93-CA16-4920-BA9C-13FC53B37B26}
	EndGlobalSection
EndGlobal
