
Microsoft Visual Studio Solution File, Format Version 12.00
# Visual Studio Version 17
VisualStudioVersion = 17.3.32825.248
MinimumVisualStudioVersion = 10.0.40219.1
Project("{FAE04EC0-301F-11D3-BF4B-00C04F79EFBC}") = "OOPS", "OOPS\OOPS.csproj", "{3AAB05C0-948B-4DF8-A784-63E537581519}"
EndProject
Global
	GlobalSection(SolutionConfigurationPlatforms) = preSolution
		Debug|Any CPU = Debug|Any CPU
		Release|Any CPU = Release|Any CPU
	EndGlobalSection
	GlobalSection(ProjectConfigurationPlatforms) = postSolution
		{3AAB05C0-948B-4DF8-A784-63E537581519}.Debug|Any CPU.ActiveCfg = Debug|Any CPU
		{3AAB05C0-948B-4DF8-A784-63E537581519}.Debug|Any CPU.Build.0 = Debug|Any CPU
		{3AAB05C0-948B-4DF8-A784-63E537581519}.Release|Any CPU.ActiveCfg = Release|Any CPU
		{3AAB05C0-948B-4DF8-A784-63E537581519}.Release|Any CPU.Build.0 = Release|Any CPU
	EndGlobalSection
	GlobalSection(SolutionProperties) = preSolution
		HideSolutionNode = FALSE
	EndGlobalSection
	GlobalSection(ExtensibilityGlobals) = postSolution
		SolutionGuid = {C4F6A189-DEC0-484F-953B-AB8A556EDC63}
	EndGlobalSection
EndGlobal
