
Microsoft Visual Studio Solution File, Format Version 12.00
# Visual Studio Version 17
VisualStudioVersion = 17.3.32825.248
MinimumVisualStudioVersion = 10.0.40219.1
Project("{FAE04EC0-301F-11D3-BF4B-00C04F79EFBC}") = "Overloading", "Overloading\Overloading.csproj", "{6DB4FE24-77C1-4475-BA05-83963AF83A63}"
EndProject
Global
	GlobalSection(SolutionConfigurationPlatforms) = preSolution
		Debug|Any CPU = Debug|Any CPU
		Release|Any CPU = Release|Any CPU
	EndGlobalSection
	GlobalSection(ProjectConfigurationPlatforms) = postSolution
		{6DB4FE24-77C1-4475-BA05-83963AF83A63}.Debug|Any CPU.ActiveCfg = Debug|Any CPU
		{6DB4FE24-77C1-4475-BA05-83963AF83A63}.Debug|Any CPU.Build.0 = Debug|Any CPU
		{6DB4FE24-77C1-4475-BA05-83963AF83A63}.Release|Any CPU.ActiveCfg = Release|Any CPU
		{6DB4FE24-77C1-4475-BA05-83963AF83A63}.Release|Any CPU.Build.0 = Release|Any CPU
	EndGlobalSection
	GlobalSection(SolutionProperties) = preSolution
		HideSolutionNode = FALSE
	EndGlobalSection
	GlobalSection(ExtensibilityGlobals) = postSolution
		SolutionGuid = {CE608CCD-6E5A-4443-8EC7-98861DD4EF6F}
	EndGlobalSection
EndGlobal
