
Microsoft Visual Studio Solution File, Format Version 12.00
# Visual Studio Version 17
VisualStudioVersion = 17.3.32825.248
MinimumVisualStudioVersion = 10.0.40219.1
Project("{FAE04EC0-301F-11D3-BF4B-00C04F79EFBC}") = "QueueExp", "QueueExp\QueueExp.csproj", "{34AF78CC-7935-421F-91EE-FF15A9ECED8F}"
EndProject
Global
	GlobalSection(SolutionConfigurationPlatforms) = preSolution
		Debug|Any CPU = Debug|Any CPU
		Release|Any CPU = Release|Any CPU
	EndGlobalSection
	GlobalSection(ProjectConfigurationPlatforms) = postSolution
		{34AF78CC-7935-421F-91EE-FF15A9ECED8F}.Debug|Any CPU.ActiveCfg = Debug|Any CPU
		{34AF78CC-7935-421F-91EE-FF15A9ECED8F}.Debug|Any CPU.Build.0 = Debug|Any CPU
		{34AF78CC-7935-421F-91EE-FF15A9ECED8F}.Release|Any CPU.ActiveCfg = Release|Any CPU
		{34AF78CC-7935-421F-91EE-FF15A9ECED8F}.Release|Any CPU.Build.0 = Release|Any CPU
	EndGlobalSection
	GlobalSection(SolutionProperties) = preSolution
		HideSolutionNode = FALSE
	EndGlobalSection
	GlobalSection(ExtensibilityGlobals) = postSolution
		SolutionGuid = {D0EC5EF4-A3DC-498D-9325-AB5F2DF43062}
	EndGlobalSection
EndGlobal
