
Microsoft Visual Studio Solution File, Format Version 12.00
# Visual Studio Version 17
VisualStudioVersion = 17.3.32825.248
MinimumVisualStudioVersion = 10.0.40219.1
Project("{FAE04EC0-301F-11D3-BF4B-00C04F79EFBC}") = "RefParametr", "RefParametr\RefParametr.csproj", "{A90331AE-FA4C-4862-B190-54067E367332}"
EndProject
Global
	GlobalSection(SolutionConfigurationPlatforms) = preSolution
		Debug|Any CPU = Debug|Any CPU
		Release|Any CPU = Release|Any CPU
	EndGlobalSection
	GlobalSection(ProjectConfigurationPlatforms) = postSolution
		{A90331AE-FA4C-4862-B190-54067E367332}.Debug|Any CPU.ActiveCfg = Debug|Any CPU
		{A90331AE-FA4C-4862-B190-54067E367332}.Debug|Any CPU.Build.0 = Debug|Any CPU
		{A90331AE-FA4C-4862-B190-54067E367332}.Release|Any CPU.ActiveCfg = Release|Any CPU
		{A90331AE-FA4C-4862-B190-54067E367332}.Release|Any CPU.Build.0 = Release|Any CPU
	EndGlobalSection
	GlobalSection(SolutionProperties) = preSolution
		HideSolutionNode = FALSE
	EndGlobalSection
	GlobalSection(ExtensibilityGlobals) = postSolution
		SolutionGuid = {5567A6B5-3E7E-43EF-BBA8-712D3A7B8264}
	EndGlobalSection
EndGlobal
